
Microsoft Visual Studio Solution File, Format Version 12.00
# Visual Studio Version 17
VisualStudioVersion = 17.11.35327.3
MinimumVisualStudioVersion = 10.0.40219.1
Project("{FAE04EC0-301F-11D3-BF4B-00C04F79EFBC}") = "AppSeguranca", "AppSeguranca.csproj", "{0B9C268F-6F00-4F67-9C3F-87C8F7974F50}"
EndProject
Global
	GlobalSection(SolutionConfigurationPlatforms) = preSolution
		Debug|Any CPU = Debug|Any CPU
		Release|Any CPU = Release|Any CPU
	EndGlobalSection
	GlobalSection(ProjectConfigurationPlatforms) = postSolution
		{0B9C268F-6F00-4F67-9C3F-87C8F7974F50}.Debug|Any CPU.ActiveCfg = Debug|Any CPU
		{0B9C268F-6F00-4F67-9C3F-87C8F7974F50}.Debug|Any CPU.Build.0 = Debug|Any CPU
		{0B9C268F-6F00-4F67-9C3F-87C8F7974F50}.Release|Any CPU.ActiveCfg = Release|Any CPU
		{0B9C268F-6F00-4F67-9C3F-87C8F7974F50}.Release|Any CPU.Build.0 = Release|Any CPU
	EndGlobalSection
	GlobalSection(SolutionProperties) = preSolution
		HideSolutionNode = FALSE
	EndGlobalSection
	GlobalSection(ExtensibilityGlobals) = postSolution
		SolutionGuid = {DBB4E834-FB74-4530-B72F-9FB80272DCD5}
	EndGlobalSection
EndGlobal
